
Microsoft Visual Studio Solution File, Format Version 12.00
# Visual Studio 15
VisualStudioVersion = 15.0.27130.2036
MinimumVisualStudioVersion = 10.0.40219.1
Project("{FAE04EC0-301F-11D3-BF4B-00C04F79EFBC}") = "PLFantasy", "PLFantasy\PLFantasy.csproj", "{7C216237-519B-4F17-927F-8031FCF4B264}"
EndProject
Project("{FAE04EC0-301F-11D3-BF4B-00C04F79EFBC}") = "Norrtan", "Norrtan\Norrtan.csproj", "{896E7DD8-8BFF-4E09-81AB-4527CA3F9CE5}"
EndProject
Global
	GlobalSection(SolutionConfigurationPlatforms) = preSolution
		Debug|Any CPU = Debug|Any CPU
		Release|Any CPU = Release|Any CPU
	EndGlobalSection
	GlobalSection(ProjectConfigurationPlatforms) = postSolution
		{7C216237-519B-4F17-927F-8031FCF4B264}.Debug|Any CPU.ActiveCfg = Debug|Any CPU
		{7C216237-519B-4F17-927F-8031FCF4B264}.Debug|Any CPU.Build.0 = Debug|Any CPU
		{7C216237-519B-4F17-927F-8031FCF4B264}.Release|Any CPU.ActiveCfg = Release|Any CPU
		{7C216237-519B-4F17-927F-8031FCF4B264}.Release|Any CPU.Build.0 = Release|Any CPU
		{896E7DD8-8BFF-4E09-81AB-4527CA3F9CE5}.Debug|Any CPU.ActiveCfg = Debug|Any CPU
		{896E7DD8-8BFF-4E09-81AB-4527CA3F9CE5}.Debug|Any CPU.Build.0 = Debug|Any CPU
		{896E7DD8-8BFF-4E09-81AB-4527CA3F9CE5}.Release|Any CPU.ActiveCfg = Release|Any CPU
		{896E7DD8-8BFF-4E09-81AB-4527CA3F9CE5}.Release|Any CPU.Build.0 = Release|Any CPU
	EndGlobalSection
	GlobalSection(SolutionProperties) = preSolution
		HideSolutionNode = FALSE
	EndGlobalSection
	GlobalSection(ExtensibilityGlobals) = postSolution
		SolutionGuid = {D11BF37F-610C-46E6-A9AF-406632089171}
	EndGlobalSection
EndGlobal
